
Microsoft Visual Studio Solution File, Format Version 12.00
# Visual Studio Version 16
VisualStudioVersion = 16.0.29613.14
MinimumVisualStudioVersion = 10.0.40219.1
Project("{FAE04EC0-301F-11D3-BF4B-00C04F79EFBC}") = "Vidly", "Vidly.csproj", "{74AC96A4-1819-44DB-A4AA-FD57C28F7DAD}"
EndProject
Global
	GlobalSection(SolutionConfigurationPlatforms) = preSolution
		Debug|Any CPU = Debug|Any CPU
		Release|Any CPU = Release|Any CPU
	EndGlobalSection
	GlobalSection(ProjectConfigurationPlatforms) = postSolution
		{74AC96A4-1819-44DB-A4AA-FD57C28F7DAD}.Debug|Any CPU.ActiveCfg = Debug|Any CPU
		{74AC96A4-1819-44DB-A4AA-FD57C28F7DAD}.Debug|Any CPU.Build.0 = Debug|Any CPU
		{74AC96A4-1819-44DB-A4AA-FD57C28F7DAD}.Release|Any CPU.ActiveCfg = Release|Any CPU
		{74AC96A4-1819-44DB-A4AA-FD57C28F7DAD}.Release|Any CPU.Build.0 = Release|Any CPU
	EndGlobalSection
	GlobalSection(SolutionProperties) = preSolution
		HideSolutionNode = FALSE
	EndGlobalSection
	GlobalSection(ExtensibilityGlobals) = postSolution
		SolutionGuid = {D56203AE-F33B-40E0-AF84-8335A0AB697A}
	EndGlobalSection
EndGlobal
